
Microsoft Visual Studio Solution File, Format Version 12.00
# Visual Studio Version 17
VisualStudioVersion = 17.3.32901.215
MinimumVisualStudioVersion = 10.0.40219.1
Project("{FAE04EC0-301F-11D3-BF4B-00C04F79EFBC}") = "L9_ABLG_1155622", "L9_ABLG_1155622\L9_ABLG_1155622.csproj", "{1828DE2E-2685-472E-85EA-4203FFC6CCB4}"
EndProject
Global
	GlobalSection(SolutionConfigurationPlatforms) = preSolution
		Debug|Any CPU = Debug|Any CPU
		Release|Any CPU = Release|Any CPU
	EndGlobalSection
	GlobalSection(ProjectConfigurationPlatforms) = postSolution
		{1828DE2E-2685-472E-85EA-4203FFC6CCB4}.Debug|Any CPU.ActiveCfg = Debug|Any CPU
		{1828DE2E-2685-472E-85EA-4203FFC6CCB4}.Debug|Any CPU.Build.0 = Debug|Any CPU
		{1828DE2E-2685-472E-85EA-4203FFC6CCB4}.Release|Any CPU.ActiveCfg = Release|Any CPU
		{1828DE2E-2685-472E-85EA-4203FFC6CCB4}.Release|Any CPU.Build.0 = Release|Any CPU
	EndGlobalSection
	GlobalSection(SolutionProperties) = preSolution
		HideSolutionNode = FALSE
	EndGlobalSection
	GlobalSection(ExtensibilityGlobals) = postSolution
		SolutionGuid = {E26E94F1-AD4E-4208-BBD9-8D3B8C57824F}
	EndGlobalSection
EndGlobal
